// !$*UTF8*$!
{
	archiveVersion = 1;
	classes = {
	};
	objectVersion = 46;
	objects = {

/* Begin PBXBuildFile section */
		8534154F1C3E97FA00F7105E /* main.m in Sources */ = {isa = PBXBuildFile; fileRef = 8534154E1C3E97FA00F7105E /* main.m */; };
		853415521C3E97FA00F7105E /* AppDelegate.m in Sources */ = {isa = PBXBuildFile; fileRef = 853415511C3E97FA00F7105E /* AppDelegate.m */; };
		853415551C3E97FA00F7105E /* ViewController.m in Sources */ = {isa = PBXBuildFile; fileRef = 853415541C3E97FA00F7105E /* ViewController.m */; };
		853415581C3E97FA00F7105E /* Main.storyboard in Resources */ = {isa = PBXBuildFile; fileRef = 853415561C3E97FA00F7105E /* Main.storyboard */; };
		8534155A1C3E97FA00F7105E /* Assets.xcassets in Resources */ = {isa = PBXBuildFile; fileRef = 853415591C3E97FA00F7105E /* Assets.xcassets */; };
		8534155D1C3E97FA00F7105E /* LaunchScreen.storyboard in Resources */ = {isa = PBXBuildFile; fileRef = 8534155B1C3E97FA00F7105E /* LaunchScreen.storyboard */; };
/* End PBXBuildFile section */

/* Begin PBXFileReference section */
		8534154A1C3E97FA00F7105E /* News.app */ = {isa = PBXFileReference; explicitFileType = wrapper.application; includeInIndex = 0; path = News.app; sourceTree = BUILT_PRODUCTS_DIR; };
		8534154E1C3E97FA00F7105E /* main.m */ = {isa = PBXFileReference; lastKnownFileType = sourcecode.c.objc; path = main.m; sourceTree = "<group>"; };
		853415501C3E97FA00F7105E /* AppDelegate.h */ = {isa = PBXFileReference; lastKnownFileType = sourcecode.c.h; path = AppDelegate.h; sourceTree = "<group>"; };
		853415511C3E97FA00F7105E /* AppDelegate.m */ = {isa = PBXFileReference; lastKnownFileType = sourcecode.c.objc; path = AppDelegate.m; sourceTree = "<group>"; };
		853415531C3E97FA00F7105E /* ViewController.h */ = {isa = PBXFileReference; lastKnownFileType = sourcecode.c.h; path = ViewController.h; sourceTree = "<group>"; };
		853415541C3E97FA00F7105E /* ViewController.m */ = {isa = PBXFileReference; lastKnownFileType = sourcecode.c.objc; path = ViewController.m; sourceTree = "<group>"; };
		853415571C3E97FA00F7105E /* Base */ = {isa = PBXFileReference; lastKnownFileType = file.storyboard; name = Base; path = Base.lproj/Main.storyboard; sourceTree = "<group>"; };
		853415591C3E97FA00F7105E /* Assets.xcassets */ = {isa = PBXFileReference; lastKnownFileType = folder.assetcatalog; path = Assets.xcassets; sourceTree = "<group>"; };
		8534155C1C3E97FA00F7105E /* Base */ = {isa = PBXFileReference; lastKnownFileType = file.storyboard; name = Base; path = Base.lproj/LaunchScreen.storyboard; sourceTree = "<group>"; };
		8534155E1C3E97FA00F7105E /* Info.plist */ = {isa = PBXFileReference; lastKnownFileType = text.plist.xml; path = Info.plist; sourceTree = "<group>"; };
/* End PBXFileReference section */

/* Begin PBXFrameworksBuildPhase section */
		853415471C3E97FA00F7105E /* Frameworks */ = {
			isa = PBXFrameworksBuildPhase;
			buildActionMask = 2147483647;
			files = (
			);
			runOnlyForDeploymentPostprocessing = 0;
		};
/* End PBXFrameworksBuildPhase section */

/* Begin PBXGroup section */
		853415411C3E97FA00F7105E = {
			isa = PBXGroup;
			children = (
				8534154C1C3E97FA00F7105E /* News */,
				8534154B1C3E97FA00F7105E /* Products */,
			);
			sourceTree = "<group>";
		};
		8534154B1C3E97FA00F7105E /* Products */ = {
			isa = PBXGroup;
			children = (
				8534154A1C3E97FA00F7105E /* News.app */,
			);
			name = Products;
			sourceTree = "<group>";
		};
		8534154C1C3E97FA00F7105E /* News */ = {
			isa = PBXGroup;
			children = (
				853415501C3E97FA00F7105E /* AppDelegate.h */,
				853415511C3E97FA00F7105E /* AppDelegate.m */,
				853415531C3E97FA00F7105E /* ViewController.h */,
				853415541C3E97FA00F7105E /* ViewController.m */,
				853415561C3E97FA00F7105E /* Main.storyboard */,
				853415591C3E97FA00F7105E /* Assets.xcassets */,
				8534155B1C3E97FA00F7105E /* LaunchScreen.storyboard */,
				8534155E1C3E97FA00F7105E /* Info.plist */,
				8534154D1C3E97FA00F7105E /* Supporting Files */,
			);
			path = News;
			sourceTree = "<group>";
		};
		8534154D1C3E97FA00F7105E /* Supporting Files */ = {
			isa = PBXGroup;
			children = (
				8534154E1C3E97FA00F7105E /* main.m */,
			);
			name = "Supporting Files";
			sourceTree = "<group>";
		};
/* End PBXGroup section */

/* Begin PBXNativeTarget section */
		853415491C3E97FA00F7105E /* News */ = {
			isa = PBXNativeTarget;
			buildConfigurationList = 853415611C3E97FA00F7105E /* Build configuration list for PBXNativeTarget "News" */;
			buildPhases = (
				853415461C3E97FA00F7105E /* Sources */,
				853415471C3E97FA00F7105E /* Frameworks */,
				853415481C3E97FA00F7105E /* Resources */,
			);
			buildRules = (
			);
			dependencies = (
			);
			name = News;
			productName = News;
			productReference = 8534154A1C3E97FA00F7105E /* News.app */;
			productType = "com.apple.product-type.application";
		};
/* End PBXNativeTarget section */

/* Begin PBXProject section */
		853415421C3E97FA00F7105E /* Project object */ = {
			isa = PBXProject;
			attributes = {
				LastUpgradeCheck = 0720;
				ORGANIZATIONNAME = tarena;
				TargetAttributes = {
					853415491C3E97FA00F7105E = {
						CreatedOnToolsVersion = 7.2;
					};
				};
			};
			buildConfigurationList = 853415451C3E97FA00F7105E /* Build configuration list for PBXProject "News" */;
			compatibilityVersion = "Xcode 3.2";
			developmentRegion = English;
			hasScannedForEncodings = 0;
			knownRegions = (
				en,
				Base,
			);
			mainGroup = 853415411C3E97FA00F7105E;
			productRefGroup = 8534154B1C3E97FA00F7105E /* Products */;
			projectDirPath = "";
			projectRoot = "";
			targets = (
				853415491C3E97FA00F7105E /* News */,
			);
		};
/* End PBXProject section */

/* Begin PBXResourcesBuildPhase section */
		853415481C3E97FA00F7105E /* Resources */ = {
			isa = PBXResourcesBuildPhase;
			buildActionMask = 2147483647;
			files = (
				8534155D1C3E97FA00F7105E /* LaunchScreen.storyboard in Resources */,
				8534155A1C3E97FA00F7105E /* Assets.xcassets in Resources */,
				853415581C3E97FA00F7105E /* Main.storyboard in Resources */,
			);
			runOnlyForDeploymentPostprocessing = 0;
		};
/* End PBXResourcesBuildPhase section */

/* Begin PBXSourcesBuildPhase section */
		853415461C3E97FA00F7105E /* Sources */ = {
			isa = PBXSourcesBuildPhase;
			buildActionMask = 2147483647;
			files = (
				853415551C3E97FA00F7105E /* ViewController.m in Sources */,
				853415521C3E97FA00F7105E /* AppDelegate.m in Sources */,
				8534154F1C3E97FA00F7105E /* main.m in Sources */,
			);
			runOnlyForDeploymentPostprocessing = 0;
		};
/* End PBXSourcesBuildPhase section */

/* Begin PBXVariantGroup section */
		853415561C3E97FA00F7105E /* Main.storyboard */ = {
			isa = PBXVariantGroup;
			children = (
				853415571C3E97FA00F7105E /* Base */,
			);
			name = Main.storyboard;
			sourceTree = "<group>";
		};
		8534155B1C3E97FA00F7105E /* LaunchScreen.storyboard */ = {
			isa = PBXVariantGroup;
			children = (
				8534155C1C3E97FA00F7105E /* Base */,
			);
			name = LaunchScreen.storyboard;
			sourceTree = "<group>";
		};
/* End PBXVariantGroup section */

/* Begin XCBuildConfiguration section */
		8534155F1C3E97FA00F7105E /* Debug */ = {
			isa = XCBuildConfiguration;
			buildSettings = {
				ALWAYS_SEARCH_USER_PATHS = NO;
				CLANG_CXX_LANGUAGE_STANDARD = "gnu++0x";
				CLANG_CXX_LIBRARY = "libc++";
				CLANG_ENABLE_MODULES = YES;
				CLANG_ENABLE_OBJC_ARC = YES;
				CLANG_WARN_BOOL_CONVERSION = YES;
				CLANG_WARN_CONSTANT_CONVERSION = YES;
				CLANG_WARN_DIRECT_OBJC_ISA_USAGE = YES_ERROR;
				CLANG_WARN_EMPTY_BODY = YES;
				CLANG_WARN_ENUM_CONVERSION = YES;
				CLANG_WARN_INT_CONVERSION = YES;
				CLANG_WARN_OBJC_ROOT_CLASS = YES_ERROR;
				CLANG_WARN_UNREACHABLE_CODE = YES;
				CLANG_WARN__DUPLICATE_METHOD_MATCH = YES;
				"CODE_SIGN_IDENTITY[sdk=iphoneos*]" = "iPhone Developer";
				COPY_PHASE_STRIP = NO;
				DEBUG_INFORMATION_FORMAT = dwarf;
				ENABLE_STRICT_OBJC_MSGSEND = YES;
				ENABLE_TESTABILITY = YES;
				GCC_C_LANGUAGE_STANDARD = gnu99;
				GCC_DYNAMIC_NO_PIC = NO;
				GCC_NO_COMMON_BLOCKS = YES;
				GCC_OPTIMIZATION_LEVEL = 0;
				GCC_PREPROCESSOR_DEFINITIONS = (
					"DEBUG=1",
					"$(inherited)",
				);
				GCC_WARN_64_TO_32_BIT_CONVERSION = YES;
				GCC_WARN_ABOUT_RETURN_TYPE = YES_ERROR;
				GCC_WARN_UNDECLARED_SELECTOR = YES;
				GCC_WARN_UNINITIALIZED_AUTOS = YES_AGGRESSIVE;
				GCC_WARN_UNUSED_FUNCTION = YES;
				GCC_WARN_UNUSED_VARIABLE = YES;
				IPHONEOS_DEPLOYMENT_TARGET = 9.2;
				MTL_ENABLE_DEBUG_INFO = YES;
				ONLY_ACTIVE_ARCH = YES;
				SDKROOT = iphoneos;
			};
			name = Debug;
		};
		853415601C3E97FA00F7105E /* Release */ = {
			isa = XCBuildConfiguration;
			buildSettings = {
				ALWAYS_SEARCH_USER_PATHS = NO;
				CLANG_CXX_LANGUAGE_STANDARD = "gnu++0x";
				CLANG_CXX_LIBRARY = "libc++";
				CLANG_ENABLE_MODULES = YES;
				CLANG_ENABLE_OBJC_ARC = YES;
				CLANG_WARN_BOOL_CONVERSION = YES;
				CLANG_WARN_CONSTANT_CONVERSION = YES;
				CLANG_WARN_DIRECT_OBJC_ISA_USAGE = YES_ERROR;
				CLANG_WARN_EMPTY_BODY = YES;
				CLANG_WARN_ENUM_CONVERSION = YES;
				CLANG_WARN_INT_CONVERSION = YES;
				CLANG_WARN_OBJC_ROOT_CLASS = YES_ERROR;
				CLANG_WARN_UNREACHABLE_CODE = YES;
				CLANG_WARN__DUPLICATE_METHOD_MATCH = YES;
				"CODE_SIGN_IDENTITY[sdk=iphoneos*]" = "iPhone Developer";
				COPY_PHASE_STRIP = NO;
				DEBUG_INFORMATION_FORMAT = "dwarf-with-dsym";
				ENABLE_NS_ASSERTIONS = NO;
				ENABLE_STRICT_OBJC_MSGSEND = YES;
				GCC_C_LANGUAGE_STANDARD = gnu99;
				GCC_NO_COMMON_BLOCKS = YES;
				GCC_WARN_64_TO_32_BIT_CONVERSION = YES;
				GCC_WARN_ABOUT_RETURN_TYPE = YES_ERROR;
				GCC_WARN_UNDECLARED_SELECTOR = YES;
				GCC_WARN_UNINITIALIZED_AUTOS = YES_AGGRESSIVE;
				GCC_WARN_UNUSED_FUNCTION = YES;
				GCC_WARN_UNUSED_VARIABLE = YES;
				IPHONEOS_DEPLOYMENT_TARGET = 9.2;
				MTL_ENABLE_DEBUG_INFO = NO;
				SDKROOT = iphoneos;
				VALIDATE_PRODUCT = YES;
			};
			name = Release;
		};
		853415621C3E97FA00F7105E /* Debug */ = {
			isa = XCBuildConfiguration;
			buildSettings = {
				ASSETCATALOG_COMPILER_APPICON_NAME = AppIcon;
				INFOPLIST_FILE = News/Info.plist;
				LD_RUNPATH_SEARCH_PATHS = "$(inherited) @executable_path/Frameworks";
				PRODUCT_BUNDLE_IDENTIFIER = com.tarena.News;
				PRODUCT_NAME = "$(TARGET_NAME)";
			};
			name = Debug;
		};
		853415631C3E97FA00F7105E /* Release */ = {
			isa = XCBuildConfiguration;
			buildSettings = {
				ASSETCATALOG_COMPILER_APPICON_NAME = AppIcon;
				INFOPLIST_FILE = News/Info.plist;
				LD_RUNPATH_SEARCH_PATHS = "$(inherited) @executable_path/Frameworks";
				PRODUCT_BUNDLE_IDENTIFIER = com.tarena.News;
				PRODUCT_NAME = "$(TARGET_NAME)";
			};
			name = Release;
		};
/* End XCBuildConfiguration section */

/* Begin XCConfigurationList section */
		853415451C3E97FA00F7105E /* Build configuration list for PBXProject "News" */ = {
			isa = XCConfigurationList;
			buildConfigurations = (
				8534155F1C3E97FA00F7105E /* Debug */,
				853415601C3E97FA00F7105E /* Release */,
			);
			defaultConfigurationIsVisible = 0;
			defaultConfigurationName = Release;
		};
		853415611C3E97FA00F7105E /* Build configuration list for PBXNativeTarget "News" */ = {
			isa = XCConfigurationList;
			buildConfigurations = (
				853415621C3E97FA00F7105E /* Debug */,
				853415631C3E97FA00F7105E /* Release */,
			);
			defaultConfigurationIsVisible = 0;
		};
/* End XCConfigurationList section */
	};
	rootObject = 853415421C3E97FA00F7105E /* Project object */;
}
